
Microsoft Visual Studio Solution File, Format Version 12.00
# Visual Studio Version 17
VisualStudioVersion = 17.11.35327.3
MinimumVisualStudioVersion = 10.0.40219.1
Project("{FAE04EC0-301F-11D3-BF4B-00C04F79EFBC}") = "Cold_Storage_Unit", "Cold_Storage_Unit\Cold_Storage_Unit.csproj", "{894EEC22-4806-43BC-BF84-BC94BAD7858A}"
EndProject
Global
	GlobalSection(SolutionConfigurationPlatforms) = preSolution
		Debug|Any CPU = Debug|Any CPU
		Release|Any CPU = Release|Any CPU
	EndGlobalSection
	GlobalSection(ProjectConfigurationPlatforms) = postSolution
		{894EEC22-4806-43BC-BF84-BC94BAD7858A}.Debug|Any CPU.ActiveCfg = Debug|Any CPU
		{894EEC22-4806-43BC-BF84-BC94BAD7858A}.Debug|Any CPU.Build.0 = Debug|Any CPU
		{894EEC22-4806-43BC-BF84-BC94BAD7858A}.Release|Any CPU.ActiveCfg = Release|Any CPU
		{894EEC22-4806-43BC-BF84-BC94BAD7858A}.Release|Any CPU.Build.0 = Release|Any CPU
	EndGlobalSection
	GlobalSection(SolutionProperties) = preSolution
		HideSolutionNode = FALSE
	EndGlobalSection
	GlobalSection(ExtensibilityGlobals) = postSolution
		SolutionGuid = {ECB04612-F125-4295-A542-BC8647CF1055}
	EndGlobalSection
EndGlobal
